
Microsoft Visual Studio Solution File, Format Version 12.00
# Visual Studio Version 17
VisualStudioVersion = 17.11.35312.102
MinimumVisualStudioVersion = 10.0.40219.1
Project("{FAE04EC0-301F-11D3-BF4B-00C04F79EFBC}") = "01_MainSubjects", "01_MainSubjects\01_MainSubjects.csproj", "{F264FEAD-7541-46AF-B8F5-C9CE911FE57D}"
EndProject
Project("{FAE04EC0-301F-11D3-BF4B-00C04F79EFBC}") = "02_Variables", "02_Variables\02_Variables.csproj", "{B30D9BCF-2365-4F74-8E36-96122140D895}"
EndProject
Project("{FAE04EC0-301F-11D3-BF4B-00C04F79EFBC}") = "03_MakingDecision", "03_MakingDecision\03_MakingDecision.csproj", "{EFB16C40-C75B-4772-967B-91A118B4B70A}"
EndProject
Project("{FAE04EC0-301F-11D3-BF4B-00C04F79EFBC}") = "04_Loops", "04_Loops\04_Loops.csproj", "{8D1D6200-91A4-40AB-A497-5CE775270A75}"
EndProject
Project("{FAE04EC0-301F-11D3-BF4B-00C04F79EFBC}") = "05_LoopsWithStars", "05_LoopsWithStars\05_LoopsWithStars.csproj", "{F6B5F8CF-80B7-414B-9912-5C06EA628629}"
EndProject
Project("{FAE04EC0-301F-11D3-BF4B-00C04F79EFBC}") = "06_Arrays", "06_Arrays\06_Arrays.csproj", "{81229C18-A129-432D-8F6E-44F8A0850F8B}"
EndProject
Project("{FAE04EC0-301F-11D3-BF4B-00C04F79EFBC}") = "07_Foreach", "07_Foreach\07_Foreach.csproj", "{D18B5E79-B1B2-4BA0-97DF-076283686FAD}"
EndProject
Project("{FAE04EC0-301F-11D3-BF4B-00C04F79EFBC}") = "08_Methods", "08_Methods\08_Methods.csproj", "{0DAC5FD3-8EBD-4025-BD88-8147F1912DAD}"
EndProject
Project("{FAE04EC0-301F-11D3-BF4B-00C04F79EFBC}") = "09_DatabaseProject", "09_DatabaseProject\09_DatabaseProject.csproj", "{0C0974B6-3236-478F-B242-B4DBF4716AF7}"
EndProject
Global
	GlobalSection(SolutionConfigurationPlatforms) = preSolution
		Debug|Any CPU = Debug|Any CPU
		Release|Any CPU = Release|Any CPU
	EndGlobalSection
	GlobalSection(ProjectConfigurationPlatforms) = postSolution
		{F264FEAD-7541-46AF-B8F5-C9CE911FE57D}.Debug|Any CPU.ActiveCfg = Debug|Any CPU
		{F264FEAD-7541-46AF-B8F5-C9CE911FE57D}.Debug|Any CPU.Build.0 = Debug|Any CPU
		{F264FEAD-7541-46AF-B8F5-C9CE911FE57D}.Release|Any CPU.ActiveCfg = Release|Any CPU
		{F264FEAD-7541-46AF-B8F5-C9CE911FE57D}.Release|Any CPU.Build.0 = Release|Any CPU
		{B30D9BCF-2365-4F74-8E36-96122140D895}.Debug|Any CPU.ActiveCfg = Debug|Any CPU
		{B30D9BCF-2365-4F74-8E36-96122140D895}.Debug|Any CPU.Build.0 = Debug|Any CPU
		{B30D9BCF-2365-4F74-8E36-96122140D895}.Release|Any CPU.ActiveCfg = Release|Any CPU
		{B30D9BCF-2365-4F74-8E36-96122140D895}.Release|Any CPU.Build.0 = Release|Any CPU
		{EFB16C40-C75B-4772-967B-91A118B4B70A}.Debug|Any CPU.ActiveCfg = Debug|Any CPU
		{EFB16C40-C75B-4772-967B-91A118B4B70A}.Debug|Any CPU.Build.0 = Debug|Any CPU
		{EFB16C40-C75B-4772-967B-91A118B4B70A}.Release|Any CPU.ActiveCfg = Release|Any CPU
		{EFB16C40-C75B-4772-967B-91A118B4B70A}.Release|Any CPU.Build.0 = Release|Any CPU
		{8D1D6200-91A4-40AB-A497-5CE775270A75}.Debug|Any CPU.ActiveCfg = Debug|Any CPU
		{8D1D6200-91A4-40AB-A497-5CE775270A75}.Debug|Any CPU.Build.0 = Debug|Any CPU
		{8D1D6200-91A4-40AB-A497-5CE775270A75}.Release|Any CPU.ActiveCfg = Release|Any CPU
		{8D1D6200-91A4-40AB-A497-5CE775270A75}.Release|Any CPU.Build.0 = Release|Any CPU
		{F6B5F8CF-80B7-414B-9912-5C06EA628629}.Debug|Any CPU.ActiveCfg = Debug|Any CPU
		{F6B5F8CF-80B7-414B-9912-5C06EA628629}.Debug|Any CPU.Build.0 = Debug|Any CPU
		{F6B5F8CF-80B7-414B-9912-5C06EA628629}.Release|Any CPU.ActiveCfg = Release|Any CPU
		{F6B5F8CF-80B7-414B-9912-5C06EA628629}.Release|Any CPU.Build.0 = Release|Any CPU
		{81229C18-A129-432D-8F6E-44F8A0850F8B}.Debug|Any CPU.ActiveCfg = Debug|Any CPU
		{81229C18-A129-432D-8F6E-44F8A0850F8B}.Debug|Any CPU.Build.0 = Debug|Any CPU
		{81229C18-A129-432D-8F6E-44F8A0850F8B}.Release|Any CPU.ActiveCfg = Release|Any CPU
		{81229C18-A129-432D-8F6E-44F8A0850F8B}.Release|Any CPU.Build.0 = Release|Any CPU
		{D18B5E79-B1B2-4BA0-97DF-076283686FAD}.Debug|Any CPU.ActiveCfg = Debug|Any CPU
		{D18B5E79-B1B2-4BA0-97DF-076283686FAD}.Debug|Any CPU.Build.0 = Debug|Any CPU
		{D18B5E79-B1B2-4BA0-97DF-076283686FAD}.Release|Any CPU.ActiveCfg = Release|Any CPU
		{D18B5E79-B1B2-4BA0-97DF-076283686FAD}.Release|Any CPU.Build.0 = Release|Any CPU
		{0DAC5FD3-8EBD-4025-BD88-8147F1912DAD}.Debug|Any CPU.ActiveCfg = Debug|Any CPU
		{0DAC5FD3-8EBD-4025-BD88-8147F1912DAD}.Debug|Any CPU.Build.0 = Debug|Any CPU
		{0DAC5FD3-8EBD-4025-BD88-8147F1912DAD}.Release|Any CPU.ActiveCfg = Release|Any CPU
		{0DAC5FD3-8EBD-4025-BD88-8147F1912DAD}.Release|Any CPU.Build.0 = Release|Any CPU
		{0C0974B6-3236-478F-B242-B4DBF4716AF7}.Debug|Any CPU.ActiveCfg = Debug|Any CPU
		{0C0974B6-3236-478F-B242-B4DBF4716AF7}.Debug|Any CPU.Build.0 = Debug|Any CPU
		{0C0974B6-3236-478F-B242-B4DBF4716AF7}.Release|Any CPU.ActiveCfg = Release|Any CPU
		{0C0974B6-3236-478F-B242-B4DBF4716AF7}.Release|Any CPU.Build.0 = Release|Any CPU
	EndGlobalSection
	GlobalSection(SolutionProperties) = preSolution
		HideSolutionNode = FALSE
	EndGlobalSection
	GlobalSection(ExtensibilityGlobals) = postSolution
		SolutionGuid = {02CBDA6A-884A-4C96-8F99-ADE373EDF4D8}
	EndGlobalSection
EndGlobal
